
Microsoft Visual Studio Solution File, Format Version 12.00
# Visual Studio Version 17
VisualStudioVersion = 17.4.33110.190
MinimumVisualStudioVersion = 10.0.40219.1
Project("{9A19103F-16F7-4668-BE54-9A1E7A4F7556}") = "RMMBY Installer RM", "RMMBY Installer RM\RMMBY Installer RM.csproj", "{069E9291-A6E2-4BD1-A016-779234ACA657}"
EndProject
Project("{FAE04EC0-301F-11D3-BF4B-00C04F79EFBC}") = "RMMBYLib", "RMMBYLib\RMMBYLib.csproj", "{F3D4C4B0-70C9-4BF1-8B4A-6791295C8FEB}"
EndProject
Global
	GlobalSection(SolutionConfigurationPlatforms) = preSolution
		Debug|Any CPU = Debug|Any CPU
		Debug|arm64 = Debug|arm64
		Debug|x64 = Debug|x64
		Debug|x86 = Debug|x86
		Release|Any CPU = Release|Any CPU
		Release|arm64 = Release|arm64
		Release|x64 = Release|x64
		Release|x86 = Release|x86
	EndGlobalSection
	GlobalSection(ProjectConfigurationPlatforms) = postSolution
		{069E9291-A6E2-4BD1-A016-779234ACA657}.Debug|Any CPU.ActiveCfg = Debug|x64
		{069E9291-A6E2-4BD1-A016-779234ACA657}.Debug|Any CPU.Build.0 = Debug|x64
		{069E9291-A6E2-4BD1-A016-779234ACA657}.Debug|arm64.ActiveCfg = Debug|arm64
		{069E9291-A6E2-4BD1-A016-779234ACA657}.Debug|arm64.Build.0 = Debug|arm64
		{069E9291-A6E2-4BD1-A016-779234ACA657}.Debug|arm64.Deploy.0 = Debug|arm64
		{069E9291-A6E2-4BD1-A016-779234ACA657}.Debug|x64.ActiveCfg = Debug|x64
		{069E9291-A6E2-4BD1-A016-779234ACA657}.Debug|x64.Build.0 = Debug|x64
		{069E9291-A6E2-4BD1-A016-779234ACA657}.Debug|x64.Deploy.0 = Debug|x64
		{069E9291-A6E2-4BD1-A016-779234ACA657}.Debug|x86.ActiveCfg = Debug|x86
		{069E9291-A6E2-4BD1-A016-779234ACA657}.Debug|x86.Build.0 = Debug|x86
		{069E9291-A6E2-4BD1-A016-779234ACA657}.Debug|x86.Deploy.0 = Debug|x86
		{069E9291-A6E2-4BD1-A016-779234ACA657}.Release|Any CPU.ActiveCfg = Release|x64
		{069E9291-A6E2-4BD1-A016-779234ACA657}.Release|Any CPU.Build.0 = Release|x64
		{069E9291-A6E2-4BD1-A016-779234ACA657}.Release|arm64.ActiveCfg = Release|arm64
		{069E9291-A6E2-4BD1-A016-779234ACA657}.Release|arm64.Build.0 = Release|arm64
		{069E9291-A6E2-4BD1-A016-779234ACA657}.Release|arm64.Deploy.0 = Release|arm64
		{069E9291-A6E2-4BD1-A016-779234ACA657}.Release|x64.ActiveCfg = Release|x64
		{069E9291-A6E2-4BD1-A016-779234ACA657}.Release|x64.Build.0 = Release|x64
		{069E9291-A6E2-4BD1-A016-779234ACA657}.Release|x64.Deploy.0 = Release|x64
		{069E9291-A6E2-4BD1-A016-779234ACA657}.Release|x86.ActiveCfg = Release|x86
		{069E9291-A6E2-4BD1-A016-779234ACA657}.Release|x86.Build.0 = Release|x86
		{069E9291-A6E2-4BD1-A016-779234ACA657}.Release|x86.Deploy.0 = Release|x86
		{F3D4C4B0-70C9-4BF1-8B4A-6791295C8FEB}.Debug|Any CPU.ActiveCfg = Debug|Any CPU
		{F3D4C4B0-70C9-4BF1-8B4A-6791295C8FEB}.Debug|Any CPU.Build.0 = Debug|Any CPU
		{F3D4C4B0-70C9-4BF1-8B4A-6791295C8FEB}.Debug|arm64.ActiveCfg = Debug|Any CPU
		{F3D4C4B0-70C9-4BF1-8B4A-6791295C8FEB}.Debug|arm64.Build.0 = Debug|Any CPU
		{F3D4C4B0-70C9-4BF1-8B4A-6791295C8FEB}.Debug|x64.ActiveCfg = Debug|Any CPU
		{F3D4C4B0-70C9-4BF1-8B4A-6791295C8FEB}.Debug|x64.Build.0 = Debug|Any CPU
		{F3D4C4B0-70C9-4BF1-8B4A-6791295C8FEB}.Debug|x86.ActiveCfg = Debug|Any CPU
		{F3D4C4B0-70C9-4BF1-8B4A-6791295C8FEB}.Debug|x86.Build.0 = Debug|Any CPU
		{F3D4C4B0-70C9-4BF1-8B4A-6791295C8FEB}.Release|Any CPU.ActiveCfg = Release|Any CPU
		{F3D4C4B0-70C9-4BF1-8B4A-6791295C8FEB}.Release|Any CPU.Build.0 = Release|Any CPU
		{F3D4C4B0-70C9-4BF1-8B4A-6791295C8FEB}.Release|arm64.ActiveCfg = Release|Any CPU
		{F3D4C4B0-70C9-4BF1-8B4A-6791295C8FEB}.Release|arm64.Build.0 = Release|Any CPU
		{F3D4C4B0-70C9-4BF1-8B4A-6791295C8FEB}.Release|x64.ActiveCfg = Release|Any CPU
		{F3D4C4B0-70C9-4BF1-8B4A-6791295C8FEB}.Release|x64.Build.0 = Release|Any CPU
		{F3D4C4B0-70C9-4BF1-8B4A-6791295C8FEB}.Release|x86.ActiveCfg = Release|Any CPU
		{F3D4C4B0-70C9-4BF1-8B4A-6791295C8FEB}.Release|x86.Build.0 = Release|Any CPU
	EndGlobalSection
	GlobalSection(SolutionProperties) = preSolution
		HideSolutionNode = FALSE
	EndGlobalSection
	GlobalSection(ExtensibilityGlobals) = postSolution
		SolutionGuid = {50DC1C72-336B-473A-B2BE-29639229A6D6}
	EndGlobalSection
EndGlobal
